
Microsoft Visual Studio Solution File, Format Version 12.00
# Visual Studio 16
Project("{8BC9CEB8-8B4A-11D0-8D11-00A0C91BC942}") = "singlelist", "singlelist.vcxproj", "{832ABD4D-6FE2-FE9A-D8E9-D7F6C4C0998B}"
EndProject
Global
	GlobalSection(SolutionConfigurationPlatforms) = preSolution
		Debug|Win32 = Debug|Win32
		Release|Win32 = Release|Win32
	EndGlobalSection
	GlobalSection(ProjectConfigurationPlatforms) = postSolution
		{832ABD4D-6FE2-FE9A-D8E9-D7F6C4C0998B}.Debug|Win32.ActiveCfg = Debug|Win32
		{832ABD4D-6FE2-FE9A-D8E9-D7F6C4C0998B}.Debug|Win32.Build.0 = Debug|Win32
		{832ABD4D-6FE2-FE9A-D8E9-D7F6C4C0998B}.Release|Win32.ActiveCfg = Release|Win32
		{832ABD4D-6FE2-FE9A-D8E9-D7F6C4C0998B}.Release|Win32.Build.0 = Release|Win32
	EndGlobalSection
	GlobalSection(SolutionProperties) = preSolution
		HideSolutionNode = FALSE
	EndGlobalSection
EndGlobal
